// !$*UTF8*$!
{
	archiveVersion = 1;
	classes = {
	};
	objectVersion = 50;
	objects = {

/* Begin PBXBuildFile section */
		12B468C9681BF2B56069D307 /* Pods_weather.framework in Frameworks */ = {isa = PBXBuildFile; fileRef = 4C102DA3F8F1C55D0C28A351 /* Pods_weather.framework */; };
		D710234A22A63C68009553F5 /* DetailViewController.swift in Sources */ = {isa = PBXBuildFile; fileRef = D710234922A63C68009553F5 /* DetailViewController.swift */; };
		D7C21DB522A5B76A00F3E967 /* AppDelegate.swift in Sources */ = {isa = PBXBuildFile; fileRef = D7C21DB422A5B76A00F3E967 /* AppDelegate.swift */; };
		D7C21DB722A5B76A00F3E967 /* ViewController.swift in Sources */ = {isa = PBXBuildFile; fileRef = D7C21DB622A5B76A00F3E967 /* ViewController.swift */; };
		D7C21DBA22A5B76A00F3E967 /* Main.storyboard in Resources */ = {isa = PBXBuildFile; fileRef = D7C21DB822A5B76A00F3E967 /* Main.storyboard */; };
		D7C21DBC22A5B76C00F3E967 /* Assets.xcassets in Resources */ = {isa = PBXBuildFile; fileRef = D7C21DBB22A5B76C00F3E967 /* Assets.xcassets */; };
		D7C21DBF22A5B76C00F3E967 /* LaunchScreen.storyboard in Resources */ = {isa = PBXBuildFile; fileRef = D7C21DBD22A5B76C00F3E967 /* LaunchScreen.storyboard */; };
		D7DAFBA422A5C5230045A01E /* extend.swift in Sources */ = {isa = PBXBuildFile; fileRef = D7DAFBA322A5C5230045A01E /* extend.swift */; };
		D7DAFBAC22A5CA8F0045A01E /* CityModel.swift in Sources */ = {isa = PBXBuildFile; fileRef = D7DAFBAB22A5CA8F0045A01E /* CityModel.swift */; };
		D7DAFBAE22A5CBE80045A01E /* WeatherInteractor.swift in Sources */ = {isa = PBXBuildFile; fileRef = D7DAFBAD22A5CBE80045A01E /* WeatherInteractor.swift */; };
		D7DAFBB022A5CC230045A01E /* WeatherProtocol.swift in Sources */ = {isa = PBXBuildFile; fileRef = D7DAFBAF22A5CC230045A01E /* WeatherProtocol.swift */; };
		D7DAFBB222A5CCB90045A01E /* WeatherPresenter.swift in Sources */ = {isa = PBXBuildFile; fileRef = D7DAFBB122A5CCB90045A01E /* WeatherPresenter.swift */; };
		D7DAFBB422A5CF2A0045A01E /* WeatherRouter.swift in Sources */ = {isa = PBXBuildFile; fileRef = D7DAFBB322A5CF2A0045A01E /* WeatherRouter.swift */; };
		D7DAFBB622A5E0020045A01E /* util.swift in Sources */ = {isa = PBXBuildFile; fileRef = D7DAFBB522A5E0020045A01E /* util.swift */; };
		D7DAFBBE22A5EBDB0045A01E /* CoreLocation.framework in Frameworks */ = {isa = PBXBuildFile; fileRef = D7DAFBBD22A5EBDB0045A01E /* CoreLocation.framework */; };
		D7DAFBC122A5F3A80045A01E /* CityCell.swift in Sources */ = {isa = PBXBuildFile; fileRef = D7DAFBC022A5F3A80045A01E /* CityCell.swift */; };
/* End PBXBuildFile section */

/* Begin PBXFileReference section */
		4C102DA3F8F1C55D0C28A351 /* Pods_weather.framework */ = {isa = PBXFileReference; explicitFileType = wrapper.framework; includeInIndex = 0; path = Pods_weather.framework; sourceTree = BUILT_PRODUCTS_DIR; };
		5A1F4A84286F668B6E620E7D /* Pods-weather.debug.xcconfig */ = {isa = PBXFileReference; includeInIndex = 1; lastKnownFileType = text.xcconfig; name = "Pods-weather.debug.xcconfig"; path = "Pods/Target Support Files/Pods-weather/Pods-weather.debug.xcconfig"; sourceTree = "<group>"; };
		C1DAAE5015432C552D42CCA6 /* Pods-weather.release.xcconfig */ = {isa = PBXFileReference; includeInIndex = 1; lastKnownFileType = text.xcconfig; name = "Pods-weather.release.xcconfig"; path = "Pods/Target Support Files/Pods-weather/Pods-weather.release.xcconfig"; sourceTree = "<group>"; };
		D710234922A63C68009553F5 /* DetailViewController.swift */ = {isa = PBXFileReference; lastKnownFileType = sourcecode.swift; path = DetailViewController.swift; sourceTree = "<group>"; };
		D7C21DB122A5B76A00F3E967 /* weather.app */ = {isa = PBXFileReference; explicitFileType = wrapper.application; includeInIndex = 0; path = weather.app; sourceTree = BUILT_PRODUCTS_DIR; };
		D7C21DB422A5B76A00F3E967 /* AppDelegate.swift */ = {isa = PBXFileReference; lastKnownFileType = sourcecode.swift; path = AppDelegate.swift; sourceTree = "<group>"; };
		D7C21DB622A5B76A00F3E967 /* ViewController.swift */ = {isa = PBXFileReference; lastKnownFileType = sourcecode.swift; path = ViewController.swift; sourceTree = "<group>"; };
		D7C21DB922A5B76A00F3E967 /* Base */ = {isa = PBXFileReference; lastKnownFileType = file.storyboard; name = Base; path = Base.lproj/Main.storyboard; sourceTree = "<group>"; };
		D7C21DBB22A5B76C00F3E967 /* Assets.xcassets */ = {isa = PBXFileReference; lastKnownFileType = folder.assetcatalog; path = Assets.xcassets; sourceTree = "<group>"; };
		D7C21DBE22A5B76C00F3E967 /* Base */ = {isa = PBXFileReference; lastKnownFileType = file.storyboard; name = Base; path = Base.lproj/LaunchScreen.storyboard; sourceTree = "<group>"; };
		D7C21DC022A5B76C00F3E967 /* Info.plist */ = {isa = PBXFileReference; lastKnownFileType = text.plist.xml; path = Info.plist; sourceTree = "<group>"; };
		D7DAFBA322A5C5230045A01E /* extend.swift */ = {isa = PBXFileReference; lastKnownFileType = sourcecode.swift; path = extend.swift; sourceTree = "<group>"; };
		D7DAFBAB22A5CA8F0045A01E /* CityModel.swift */ = {isa = PBXFileReference; fileEncoding = 4; lastKnownFileType = sourcecode.swift; path = CityModel.swift; sourceTree = "<group>"; };
		D7DAFBAD22A5CBE80045A01E /* WeatherInteractor.swift */ = {isa = PBXFileReference; lastKnownFileType = sourcecode.swift; path = WeatherInteractor.swift; sourceTree = "<group>"; };
		D7DAFBAF22A5CC230045A01E /* WeatherProtocol.swift */ = {isa = PBXFileReference; lastKnownFileType = sourcecode.swift; path = WeatherProtocol.swift; sourceTree = "<group>"; };
		D7DAFBB122A5CCB90045A01E /* WeatherPresenter.swift */ = {isa = PBXFileReference; lastKnownFileType = sourcecode.swift; path = WeatherPresenter.swift; sourceTree = "<group>"; };
		D7DAFBB322A5CF2A0045A01E /* WeatherRouter.swift */ = {isa = PBXFileReference; lastKnownFileType = sourcecode.swift; path = WeatherRouter.swift; sourceTree = "<group>"; };
		D7DAFBB522A5E0020045A01E /* util.swift */ = {isa = PBXFileReference; lastKnownFileType = sourcecode.swift; path = util.swift; sourceTree = "<group>"; };
		D7DAFBBD22A5EBDB0045A01E /* CoreLocation.framework */ = {isa = PBXFileReference; lastKnownFileType = wrapper.framework; name = CoreLocation.framework; path = System/Library/Frameworks/CoreLocation.framework; sourceTree = SDKROOT; };
		D7DAFBC022A5F3A80045A01E /* CityCell.swift */ = {isa = PBXFileReference; lastKnownFileType = sourcecode.swift; path = CityCell.swift; sourceTree = "<group>"; };
/* End PBXFileReference section */

/* Begin PBXFrameworksBuildPhase section */
		D7C21DAE22A5B76A00F3E967 /* Frameworks */ = {
			isa = PBXFrameworksBuildPhase;
			buildActionMask = 2147483647;
			files = (
				D7DAFBBE22A5EBDB0045A01E /* CoreLocation.framework in Frameworks */,
				12B468C9681BF2B56069D307 /* Pods_weather.framework in Frameworks */,
			);
			runOnlyForDeploymentPostprocessing = 0;
		};
/* End PBXFrameworksBuildPhase section */

/* Begin PBXGroup section */
		9306565058CB9DEB87FD21EE /* Frameworks */ = {
			isa = PBXGroup;
			children = (
				D7DAFBBD22A5EBDB0045A01E /* CoreLocation.framework */,
				4C102DA3F8F1C55D0C28A351 /* Pods_weather.framework */,
			);
			name = Frameworks;
			sourceTree = "<group>";
		};
		D7C21DA822A5B76A00F3E967 = {
			isa = PBXGroup;
			children = (
				D7C21DB322A5B76A00F3E967 /* weather */,
				D7C21DB222A5B76A00F3E967 /* Products */,
				F80C7C99E0361959E2008516 /* Pods */,
				9306565058CB9DEB87FD21EE /* Frameworks */,
			);
			sourceTree = "<group>";
		};
		D7C21DB222A5B76A00F3E967 /* Products */ = {
			isa = PBXGroup;
			children = (
				D7C21DB122A5B76A00F3E967 /* weather.app */,
			);
			name = Products;
			sourceTree = "<group>";
		};
		D7C21DB322A5B76A00F3E967 /* weather */ = {
			isa = PBXGroup;
			children = (
				D7DAFBBC22A5EA490045A01E /* utility */,
				D7DAFBBB22A5EA3D0045A01E /* view */,
				D7DAFBBA22A5EA200045A01E /* presenter */,
				D7DAFBB922A5EA180045A01E /* router */,
				D7DAFBB822A5EA020045A01E /* interactor */,
				D7DAFBB722A5E9F60045A01E /* protocol */,
				D7DAFBA122A5BE3D0045A01E /* entity */,
				D7C21DB422A5B76A00F3E967 /* AppDelegate.swift */,
				D7C21DB822A5B76A00F3E967 /* Main.storyboard */,
				D7C21DBB22A5B76C00F3E967 /* Assets.xcassets */,
				D7C21DBD22A5B76C00F3E967 /* LaunchScreen.storyboard */,
				D7C21DC022A5B76C00F3E967 /* Info.plist */,
			);
			path = weather;
			sourceTree = "<group>";
		};
		D7DAFBA122A5BE3D0045A01E /* entity */ = {
			isa = PBXGroup;
			children = (
				D7DAFBAB22A5CA8F0045A01E /* CityModel.swift */,
			);
			path = entity;
			sourceTree = "<group>";
		};
		D7DAFBB722A5E9F60045A01E /* protocol */ = {
			isa = PBXGroup;
			children = (
				D7DAFBAF22A5CC230045A01E /* WeatherProtocol.swift */,
			);
			path = protocol;
			sourceTree = "<group>";
		};
		D7DAFBB822A5EA020045A01E /* interactor */ = {
			isa = PBXGroup;
			children = (
				D7DAFBAD22A5CBE80045A01E /* WeatherInteractor.swift */,
			);
			path = interactor;
			sourceTree = "<group>";
		};
		D7DAFBB922A5EA180045A01E /* router */ = {
			isa = PBXGroup;
			children = (
				D7DAFBB322A5CF2A0045A01E /* WeatherRouter.swift */,
			);
			path = router;
			sourceTree = "<group>";
		};
		D7DAFBBA22A5EA200045A01E /* presenter */ = {
			isa = PBXGroup;
			children = (
				D7DAFBB122A5CCB90045A01E /* WeatherPresenter.swift */,
			);
			path = presenter;
			sourceTree = "<group>";
		};
		D7DAFBBB22A5EA3D0045A01E /* view */ = {
			isa = PBXGroup;
			children = (
				D7DAFBBF22A5F3930045A01E /* cells */,
				D7C21DB622A5B76A00F3E967 /* ViewController.swift */,
				D710234922A63C68009553F5 /* DetailViewController.swift */,
			);
			path = view;
			sourceTree = "<group>";
		};
		D7DAFBBC22A5EA490045A01E /* utility */ = {
			isa = PBXGroup;
			children = (
				D7DAFBA322A5C5230045A01E /* extend.swift */,
				D7DAFBB522A5E0020045A01E /* util.swift */,
			);
			path = utility;
			sourceTree = "<group>";
		};
		D7DAFBBF22A5F3930045A01E /* cells */ = {
			isa = PBXGroup;
			children = (
				D7DAFBC022A5F3A80045A01E /* CityCell.swift */,
			);
			path = cells;
			sourceTree = "<group>";
		};
		F80C7C99E0361959E2008516 /* Pods */ = {
			isa = PBXGroup;
			children = (
				5A1F4A84286F668B6E620E7D /* Pods-weather.debug.xcconfig */,
				C1DAAE5015432C552D42CCA6 /* Pods-weather.release.xcconfig */,
			);
			name = Pods;
			sourceTree = "<group>";
		};
/* End PBXGroup section */

/* Begin PBXNativeTarget section */
		D7C21DB022A5B76A00F3E967 /* weather */ = {
			isa = PBXNativeTarget;
			buildConfigurationList = D7C21DC322A5B76C00F3E967 /* Build configuration list for PBXNativeTarget "weather" */;
			buildPhases = (
				001512E3C4BA9C3A23337596 /* [CP] Check Pods Manifest.lock */,
				D7C21DAD22A5B76A00F3E967 /* Sources */,
				D7C21DAE22A5B76A00F3E967 /* Frameworks */,
				D7C21DAF22A5B76A00F3E967 /* Resources */,
				122C77DE7F3929350CB41DF2 /* [CP] Embed Pods Frameworks */,
				1AC0A5E904824B85EC25CEE9 /* [CP] Copy Pods Resources */,
			);
			buildRules = (
			);
			dependencies = (
			);
			name = weather;
			productName = weather;
			productReference = D7C21DB122A5B76A00F3E967 /* weather.app */;
			productType = "com.apple.product-type.application";
		};
/* End PBXNativeTarget section */

/* Begin PBXProject section */
		D7C21DA922A5B76A00F3E967 /* Project object */ = {
			isa = PBXProject;
			attributes = {
				LastSwiftUpdateCheck = 1010;
				LastUpgradeCheck = 1010;
				ORGANIZATIONNAME = michaelmlowe;
				TargetAttributes = {
					D7C21DB022A5B76A00F3E967 = {
						CreatedOnToolsVersion = 10.1;
						LastSwiftMigration = 1020;
					};
				};
			};
			buildConfigurationList = D7C21DAC22A5B76A00F3E967 /* Build configuration list for PBXProject "weather" */;
			compatibilityVersion = "Xcode 9.3";
			developmentRegion = en;
			hasScannedForEncodings = 0;
			knownRegions = (
				en,
				Base,
			);
			mainGroup = D7C21DA822A5B76A00F3E967;
			productRefGroup = D7C21DB222A5B76A00F3E967 /* Products */;
			projectDirPath = "";
			projectRoot = "";
			targets = (
				D7C21DB022A5B76A00F3E967 /* weather */,
			);
		};
/* End PBXProject section */

/* Begin PBXResourcesBuildPhase section */
		D7C21DAF22A5B76A00F3E967 /* Resources */ = {
			isa = PBXResourcesBuildPhase;
			buildActionMask = 2147483647;
			files = (
				D7C21DBF22A5B76C00F3E967 /* LaunchScreen.storyboard in Resources */,
				D7C21DBC22A5B76C00F3E967 /* Assets.xcassets in Resources */,
				D7C21DBA22A5B76A00F3E967 /* Main.storyboard in Resources */,
			);
			runOnlyForDeploymentPostprocessing = 0;
		};
/* End PBXResourcesBuildPhase section */

/* Begin PBXShellScriptBuildPhase section */
		001512E3C4BA9C3A23337596 /* [CP] Check Pods Manifest.lock */ = {
			isa = PBXShellScriptBuildPhase;
			buildActionMask = 2147483647;
			files = (
			);
			inputPaths = (
				"${PODS_PODFILE_DIR_PATH}/Podfile.lock",
				"${PODS_ROOT}/Manifest.lock",
			);
			name = "[CP] Check Pods Manifest.lock";
			outputPaths = (
				"$(DERIVED_FILE_DIR)/Pods-weather-checkManifestLockResult.txt",
			);
			runOnlyForDeploymentPostprocessing = 0;
			shellPath = /bin/sh;
			shellScript = "diff \"${PODS_PODFILE_DIR_PATH}/Podfile.lock\" \"${PODS_ROOT}/Manifest.lock\" > /dev/null\nif [ $? != 0 ] ; then\n    # print error to STDERR\n    echo \"error: The sandbox is not in sync with the Podfile.lock. Run 'pod install' or update your CocoaPods installation.\" >&2\n    exit 1\nfi\n# This output is used by Xcode 'outputs' to avoid re-running this script phase.\necho \"SUCCESS\" > \"${SCRIPT_OUTPUT_FILE_0}\"\n";
			showEnvVarsInLog = 0;
		};
		122C77DE7F3929350CB41DF2 /* [CP] Embed Pods Frameworks */ = {
			isa = PBXShellScriptBuildPhase;
			buildActionMask = 2147483647;
			files = (
			);
			inputPaths = (
				"${SRCROOT}/Pods/Target Support Files/Pods-weather/Pods-weather-frameworks.sh",
				"${BUILT_PRODUCTS_DIR}/Alamofire/Alamofire.framework",
			);
			name = "[CP] Embed Pods Frameworks";
			outputPaths = (
				"${TARGET_BUILD_DIR}/${FRAMEWORKS_FOLDER_PATH}/Alamofire.framework",
			);
			runOnlyForDeploymentPostprocessing = 0;
			shellPath = /bin/sh;
			shellScript = "\"${SRCROOT}/Pods/Target Support Files/Pods-weather/Pods-weather-frameworks.sh\"\n";
			showEnvVarsInLog = 0;
		};
		1AC0A5E904824B85EC25CEE9 /* [CP] Copy Pods Resources */ = {
			isa = PBXShellScriptBuildPhase;
			buildActionMask = 2147483647;
			files = (
			);
			inputPaths = (
			);
			name = "[CP] Copy Pods Resources";
			outputPaths = (
			);
			runOnlyForDeploymentPostprocessing = 0;
			shellPath = /bin/sh;
			shellScript = "\"${SRCROOT}/Pods/Target Support Files/Pods-weather/Pods-weather-resources.sh\"\n";
			showEnvVarsInLog = 0;
		};
/* End PBXShellScriptBuildPhase section */

/* Begin PBXSourcesBuildPhase section */
		D7C21DAD22A5B76A00F3E967 /* Sources */ = {
			isa = PBXSourcesBuildPhase;
			buildActionMask = 2147483647;
			files = (
				D710234A22A63C68009553F5 /* DetailViewController.swift in Sources */,
				D7C21DB722A5B76A00F3E967 /* ViewController.swift in Sources */,
				D7C21DB522A5B76A00F3E967 /* AppDelegate.swift in Sources */,
				D7DAFBC122A5F3A80045A01E /* CityCell.swift in Sources */,
				D7DAFBA422A5C5230045A01E /* extend.swift in Sources */,
				D7DAFBB622A5E0020045A01E /* util.swift in Sources */,
				D7DAFBB222A5CCB90045A01E /* WeatherPresenter.swift in Sources */,
				D7DAFBAE22A5CBE80045A01E /* WeatherInteractor.swift in Sources */,
				D7DAFBB422A5CF2A0045A01E /* WeatherRouter.swift in Sources */,
				D7DAFBB022A5CC230045A01E /* WeatherProtocol.swift in Sources */,
				D7DAFBAC22A5CA8F0045A01E /* CityModel.swift in Sources */,
			);
			runOnlyForDeploymentPostprocessing = 0;
		};
/* End PBXSourcesBuildPhase section */

/* Begin PBXVariantGroup section */
		D7C21DB822A5B76A00F3E967 /* Main.storyboard */ = {
			isa = PBXVariantGroup;
			children = (
				D7C21DB922A5B76A00F3E967 /* Base */,
			);
			name = Main.storyboard;
			sourceTree = "<group>";
		};
		D7C21DBD22A5B76C00F3E967 /* LaunchScreen.storyboard */ = {
			isa = PBXVariantGroup;
			children = (
				D7C21DBE22A5B76C00F3E967 /* Base */,
			);
			name = LaunchScreen.storyboard;
			sourceTree = "<group>";
		};
/* End PBXVariantGroup section */

/* Begin XCBuildConfiguration section */
		D7C21DC122A5B76C00F3E967 /* Debug */ = {
			isa = XCBuildConfiguration;
			buildSettings = {
				ALWAYS_SEARCH_USER_PATHS = NO;
				CLANG_ANALYZER_NONNULL = YES;
				CLANG_ANALYZER_NUMBER_OBJECT_CONVERSION = YES_AGGRESSIVE;
				CLANG_CXX_LANGUAGE_STANDARD = "gnu++14";
				CLANG_CXX_LIBRARY = "libc++";
				CLANG_ENABLE_MODULES = YES;
				CLANG_ENABLE_OBJC_ARC = YES;
				CLANG_ENABLE_OBJC_WEAK = YES;
				CLANG_WARN_BLOCK_CAPTURE_AUTORELEASING = YES;
				CLANG_WARN_BOOL_CONVERSION = YES;
				CLANG_WARN_COMMA = YES;
				CLANG_WARN_CONSTANT_CONVERSION = YES;
				CLANG_WARN_DEPRECATED_OBJC_IMPLEMENTATIONS = YES;
				CLANG_WARN_DIRECT_OBJC_ISA_USAGE = YES_ERROR;
				CLANG_WARN_DOCUMENTATION_COMMENTS = YES;
				CLANG_WARN_EMPTY_BODY = YES;
				CLANG_WARN_ENUM_CONVERSION = YES;
				CLANG_WARN_INFINITE_RECURSION = YES;
				CLANG_WARN_INT_CONVERSION = YES;
				CLANG_WARN_NON_LITERAL_NULL_CONVERSION = YES;
				CLANG_WARN_OBJC_IMPLICIT_RETAIN_SELF = YES;
				CLANG_WARN_OBJC_LITERAL_CONVERSION = YES;
				CLANG_WARN_OBJC_ROOT_CLASS = YES_ERROR;
				CLANG_WARN_RANGE_LOOP_ANALYSIS = YES;
				CLANG_WARN_STRICT_PROTOTYPES = YES;
				CLANG_WARN_SUSPICIOUS_MOVE = YES;
				CLANG_WARN_UNGUARDED_AVAILABILITY = YES_AGGRESSIVE;
				CLANG_WARN_UNREACHABLE_CODE = YES;
				CLANG_WARN__DUPLICATE_METHOD_MATCH = YES;
				CODE_SIGN_IDENTITY = "iPhone Developer";
				COPY_PHASE_STRIP = NO;
				DEBUG_INFORMATION_FORMAT = dwarf;
				ENABLE_STRICT_OBJC_MSGSEND = YES;
				ENABLE_TESTABILITY = YES;
				GCC_C_LANGUAGE_STANDARD = gnu11;
				GCC_DYNAMIC_NO_PIC = NO;
				GCC_NO_COMMON_BLOCKS = YES;
				GCC_OPTIMIZATION_LEVEL = 0;
				GCC_PREPROCESSOR_DEFINITIONS = (
					"DEBUG=1",
					"$(inherited)",
				);
				GCC_WARN_64_TO_32_BIT_CONVERSION = YES;
				GCC_WARN_ABOUT_RETURN_TYPE = YES_ERROR;
				GCC_WARN_UNDECLARED_SELECTOR = YES;
				GCC_WARN_UNINITIALIZED_AUTOS = YES_AGGRESSIVE;
				GCC_WARN_UNUSED_FUNCTION = YES;
				GCC_WARN_UNUSED_VARIABLE = YES;
				IPHONEOS_DEPLOYMENT_TARGET = 12.1;
				MTL_ENABLE_DEBUG_INFO = INCLUDE_SOURCE;
				MTL_FAST_MATH = YES;
				ONLY_ACTIVE_ARCH = YES;
				SDKROOT = iphoneos;
				SWIFT_ACTIVE_COMPILATION_CONDITIONS = DEBUG;
				SWIFT_OPTIMIZATION_LEVEL = "-Onone";
			};
			name = Debug;
		};
		D7C21DC222A5B76C00F3E967 /* Release */ = {
			isa = XCBuildConfiguration;
			buildSettings = {
				ALWAYS_SEARCH_USER_PATHS = NO;
				CLANG_ANALYZER_NONNULL = YES;
				CLANG_ANALYZER_NUMBER_OBJECT_CONVERSION = YES_AGGRESSIVE;
				CLANG_CXX_LANGUAGE_STANDARD = "gnu++14";
				CLANG_CXX_LIBRARY = "libc++";
				CLANG_ENABLE_MODULES = YES;
				CLANG_ENABLE_OBJC_ARC = YES;
				CLANG_ENABLE_OBJC_WEAK = YES;
				CLANG_WARN_BLOCK_CAPTURE_AUTORELEASING = YES;
				CLANG_WARN_BOOL_CONVERSION = YES;
				CLANG_WARN_COMMA = YES;
				CLANG_WARN_CONSTANT_CONVERSION = YES;
				CLANG_WARN_DEPRECATED_OBJC_IMPLEMENTATIONS = YES;
				CLANG_WARN_DIRECT_OBJC_ISA_USAGE = YES_ERROR;
				CLANG_WARN_DOCUMENTATION_COMMENTS = YES;
				CLANG_WARN_EMPTY_BODY = YES;
				CLANG_WARN_ENUM_CONVERSION = YES;
				CLANG_WARN_INFINITE_RECURSION = YES;
				CLANG_WARN_INT_CONVERSION = YES;
				CLANG_WARN_NON_LITERAL_NULL_CONVERSION = YES;
				CLANG_WARN_OBJC_IMPLICIT_RETAIN_SELF = YES;
				CLANG_WARN_OBJC_LITERAL_CONVERSION = YES;
				CLANG_WARN_OBJC_ROOT_CLASS = YES_ERROR;
				CLANG_WARN_RANGE_LOOP_ANALYSIS = YES;
				CLANG_WARN_STRICT_PROTOTYPES = YES;
				CLANG_WARN_SUSPICIOUS_MOVE = YES;
				CLANG_WARN_UNGUARDED_AVAILABILITY = YES_AGGRESSIVE;
				CLANG_WARN_UNREACHABLE_CODE = YES;
				CLANG_WARN__DUPLICATE_METHOD_MATCH = YES;
				CODE_SIGN_IDENTITY = "iPhone Developer";
				COPY_PHASE_STRIP = NO;
				DEBUG_INFORMATION_FORMAT = "dwarf-with-dsym";
				ENABLE_NS_ASSERTIONS = NO;
				ENABLE_STRICT_OBJC_MSGSEND = YES;
				GCC_C_LANGUAGE_STANDARD = gnu11;
				GCC_NO_COMMON_BLOCKS = YES;
				GCC_WARN_64_TO_32_BIT_CONVERSION = YES;
				GCC_WARN_ABOUT_RETURN_TYPE = YES_ERROR;
				GCC_WARN_UNDECLARED_SELECTOR = YES;
				GCC_WARN_UNINITIALIZED_AUTOS = YES_AGGRESSIVE;
				GCC_WARN_UNUSED_FUNCTION = YES;
				GCC_WARN_UNUSED_VARIABLE = YES;
				IPHONEOS_DEPLOYMENT_TARGET = 12.1;
				MTL_ENABLE_DEBUG_INFO = NO;
				MTL_FAST_MATH = YES;
				SDKROOT = iphoneos;
				SWIFT_COMPILATION_MODE = wholemodule;
				SWIFT_OPTIMIZATION_LEVEL = "-O";
				VALIDATE_PRODUCT = YES;
			};
			name = Release;
		};
		D7C21DC422A5B76C00F3E967 /* Debug */ = {
			isa = XCBuildConfiguration;
			baseConfigurationReference = 5A1F4A84286F668B6E620E7D /* Pods-weather.debug.xcconfig */;
			buildSettings = {
				ASSETCATALOG_COMPILER_APPICON_NAME = AppIcon;
				CODE_SIGN_STYLE = Automatic;
				DEVELOPMENT_TEAM = 5E4WT89LA7;
				INFOPLIST_FILE = weather/Info.plist;
				LD_RUNPATH_SEARCH_PATHS = (
					"$(inherited)",
					"@executable_path/Frameworks",
				);
				PRODUCT_BUNDLE_IDENTIFIER = com.michaellowe.weather;
				PRODUCT_NAME = "$(TARGET_NAME)";
				SWIFT_VERSION = 5.0;
				TARGETED_DEVICE_FAMILY = "1,2";
			};
			name = Debug;
		};
		D7C21DC522A5B76C00F3E967 /* Release */ = {
			isa = XCBuildConfiguration;
			baseConfigurationReference = C1DAAE5015432C552D42CCA6 /* Pods-weather.release.xcconfig */;
			buildSettings = {
				ASSETCATALOG_COMPILER_APPICON_NAME = AppIcon;
				CODE_SIGN_STYLE = Automatic;
				DEVELOPMENT_TEAM = 5E4WT89LA7;
				INFOPLIST_FILE = weather/Info.plist;
				LD_RUNPATH_SEARCH_PATHS = (
					"$(inherited)",
					"@executable_path/Frameworks",
				);
				PRODUCT_BUNDLE_IDENTIFIER = com.michaellowe.weather;
				PRODUCT_NAME = "$(TARGET_NAME)";
				SWIFT_VERSION = 5.0;
				TARGETED_DEVICE_FAMILY = "1,2";
			};
			name = Release;
		};
/* End XCBuildConfiguration section */

/* Begin XCConfigurationList section */
		D7C21DAC22A5B76A00F3E967 /* Build configuration list for PBXProject "weather" */ = {
			isa = XCConfigurationList;
			buildConfigurations = (
				D7C21DC122A5B76C00F3E967 /* Debug */,
				D7C21DC222A5B76C00F3E967 /* Release */,
			);
			defaultConfigurationIsVisible = 0;
			defaultConfigurationName = Release;
		};
		D7C21DC322A5B76C00F3E967 /* Build configuration list for PBXNativeTarget "weather" */ = {
			isa = XCConfigurationList;
			buildConfigurations = (
				D7C21DC422A5B76C00F3E967 /* Debug */,
				D7C21DC522A5B76C00F3E967 /* Release */,
			);
			defaultConfigurationIsVisible = 0;
			defaultConfigurationName = Release;
		};
/* End XCConfigurationList section */
	};
	rootObject = D7C21DA922A5B76A00F3E967 /* Project object */;
}
